
Microsoft Visual Studio Solution File, Format Version 12.00
# Visual Studio Version 17
VisualStudioVersion = 17.11.35222.181
MinimumVisualStudioVersion = 10.0.40219.1
Project("{FAE04EC0-301F-11D3-BF4B-00C04F79EFBC}") = "SignalR", "SignalR\SignalR.csproj", "{91350277-FB1D-4D74-B442-F7ECBFC6E76E}"
EndProject
Global
	GlobalSection(SolutionConfigurationPlatforms) = preSolution
		Debug|Any CPU = Debug|Any CPU
		Release|Any CPU = Release|Any CPU
	EndGlobalSection
	GlobalSection(ProjectConfigurationPlatforms) = postSolution
		{91350277-FB1D-4D74-B442-F7ECBFC6E76E}.Debug|Any CPU.ActiveCfg = Debug|Any CPU
		{91350277-FB1D-4D74-B442-F7ECBFC6E76E}.Debug|Any CPU.Build.0 = Debug|Any CPU
		{91350277-FB1D-4D74-B442-F7ECBFC6E76E}.Release|Any CPU.ActiveCfg = Release|Any CPU
		{91350277-FB1D-4D74-B442-F7ECBFC6E76E}.Release|Any CPU.Build.0 = Release|Any CPU
	EndGlobalSection
	GlobalSection(SolutionProperties) = preSolution
		HideSolutionNode = FALSE
	EndGlobalSection
	GlobalSection(ExtensibilityGlobals) = postSolution
		SolutionGuid = {2C540E96-D3C3-4CB5-8531-7A57F2E7DFE3}
	EndGlobalSection
EndGlobal
