
Microsoft Visual Studio Solution File, Format Version 12.00
# Visual Studio Version 17
VisualStudioVersion = 17.11.35222.181
MinimumVisualStudioVersion = 10.0.40219.1
Project("{FAE04EC0-301F-11D3-BF4B-00C04F79EFBC}") = "EDADBContext", "EDADBContext\EDADBContext.csproj", "{230C2BC3-3DD4-4623-A2C0-C601E0667B32}"
EndProject
Global
	GlobalSection(SolutionConfigurationPlatforms) = preSolution
		Debug|Any CPU = Debug|Any CPU
		Release|Any CPU = Release|Any CPU
	EndGlobalSection
	GlobalSection(ProjectConfigurationPlatforms) = postSolution
		{230C2BC3-3DD4-4623-A2C0-C601E0667B32}.Debug|Any CPU.ActiveCfg = Debug|Any CPU
		{230C2BC3-3DD4-4623-A2C0-C601E0667B32}.Debug|Any CPU.Build.0 = Debug|Any CPU
		{230C2BC3-3DD4-4623-A2C0-C601E0667B32}.Release|Any CPU.ActiveCfg = Release|Any CPU
		{230C2BC3-3DD4-4623-A2C0-C601E0667B32}.Release|Any CPU.Build.0 = Release|Any CPU
	EndGlobalSection
	GlobalSection(SolutionProperties) = preSolution
		HideSolutionNode = FALSE
	EndGlobalSection
	GlobalSection(ExtensibilityGlobals) = postSolution
		SolutionGuid = {63616C03-F8D8-4701-8BAA-688204BF977A}
	EndGlobalSection
EndGlobal
